{
  "nodes": {
    "brew-api": {
      "flake": false,
      "locked": {
        "lastModified": 1766020367,
        "narHash": "sha256-iIGWdFvAKl1e25a1QMFMto1E07g40yvn6JdRZuEJDYM=",
        "owner": "BatteredBunny",
        "repo": "brew-api",
        "rev": "a195bfd8513062293f2699572e89e8ca12b469d3",
        "type": "github"
      },
      "original": {
        "owner": "BatteredBunny",
        "repo": "brew-api",
        "type": "github"
      }
    },
    "brew-nix": {
      "inputs": {
        "brew-api": [
          "brew-api"
        ],
        "nix-darwin": [
          "nix-darwin"
        ],
        "nixpkgs": [
          "nixpkgs"
        ]
      },
      "locked": {
        "lastModified": 1764779851,
        "narHash": "sha256-7WrgeIYBEuFG7DZtS8dio0y9nvRHf3otk7oqsPIoECs=",
        "owner": "BatteredBunny",
        "repo": "brew-nix",
        "rev": "b314426c17667bcebd73ed7e57ecae2bac9755cf",
        "type": "github"
      },
      "original": {
        "owner": "BatteredBunny",
        "repo": "brew-nix",
        "type": "github"
      }
    },
    "home-manager": {
      "inputs": {
        "nixpkgs": [
          "nixpkgs"
        ]
      },
      "locked": {
        "lastModified": 1765980955,
        "narHash": "sha256-rB45jv4uwC90vM9UZ70plfvY/2Kdygs+zlQ07dGQFk4=",
        "owner": "nix-community",
        "repo": "home-manager",
        "rev": "89c9508bbe9b40d36b3dc206c2483ef176f15173",
        "type": "github"
      },
      "original": {
        "owner": "nix-community",
        "repo": "home-manager",
        "type": "github"
      }
    },
    "nix-darwin": {
      "inputs": {
        "nixpkgs": [
          "nixpkgs"
        ]
      },
      "locked": {
        "lastModified": 1765684049,
        "narHash": "sha256-svCS2r984qEowMT0y3kCrsD/m0J6zaF5I/UusS7QaH0=",
        "owner": "nix-darwin",
        "repo": "nix-darwin",
        "rev": "9b628e171bfaea1a3d1edf31eee46251e0fe4a33",
        "type": "github"
      },
      "original": {
        "owner": "nix-darwin",
        "repo": "nix-darwin",
        "type": "github"
      }
    },
    "nix-index-database": {
      "inputs": {
        "nixpkgs": [
          "nixpkgs"
        ]
      },
      "locked": {
        "lastModified": 1765267181,
        "narHash": "sha256-d3NBA9zEtBu2JFMnTBqWj7Tmi7R5OikoU2ycrdhQEws=",
        "owner": "nix-community",
        "repo": "nix-index-database",
        "rev": "82befcf7dc77c909b0f2a09f5da910ec95c5b78f",
        "type": "github"
      },
      "original": {
        "owner": "nix-community",
        "repo": "nix-index-database",
        "type": "github"
      }
    },
    "nixpkgs": {
      "locked": {
        "lastModified": 1765934234,
        "narHash": "sha256-pJjWUzNnjbIAMIc5gRFUuKCDQ9S1cuh3b2hKgA7Mc4A=",
        "owner": "NixOS",
        "repo": "nixpkgs",
        "rev": "af84f9d270d404c17699522fab95bbf928a2d92f",
        "type": "github"
      },
      "original": {
        "owner": "NixOS",
        "ref": "nixpkgs-unstable",
        "repo": "nixpkgs",
        "type": "github"
      }
    },
    "nixpkgs-master": {
      "locked": {
        "lastModified": 1766013971,
        "narHash": "sha256-OyvIeBCgF1jAheebmMaVcgleSMFv8TzTrQS30b49ifY=",
        "owner": "NixOS",
        "repo": "nixpkgs",
        "rev": "9c89b226455021d32e0ef7ed6d39c87bcaab9792",
        "type": "github"
      },
      "original": {
        "owner": "NixOS",
        "ref": "master",
        "repo": "nixpkgs",
        "type": "github"
      }
    },
    "root": {
      "inputs": {
        "brew-api": "brew-api",
        "brew-nix": "brew-nix",
        "home-manager": "home-manager",
        "nix-darwin": "nix-darwin",
        "nix-index-database": "nix-index-database",
        "nixpkgs": "nixpkgs",
        "nixpkgs-master": "nixpkgs-master",
        "treefmt-nix": "treefmt-nix",
        "zen-browser": "zen-browser"
      }
    },
    "treefmt-nix": {
      "inputs": {
        "nixpkgs": [
          "nixpkgs"
        ]
      },
      "locked": {
        "lastModified": 1766000401,
        "narHash": "sha256-+cqN4PJz9y0JQXfAK5J1drd0U05D5fcAGhzhfVrDlsI=",
        "owner": "numtide",
        "repo": "treefmt-nix",
        "rev": "42d96e75aa56a3f70cab7e7dc4a32868db28e8fd",
        "type": "github"
      },
      "original": {
        "owner": "numtide",
        "repo": "treefmt-nix",
        "type": "github"
      }
    },
    "zen-browser": {
      "inputs": {
        "home-manager": [
          "home-manager"
        ],
        "nixpkgs": [
          "nixpkgs"
        ]
      },
      "locked": {
        "lastModified": 1765946036,
        "narHash": "sha256-R/qaIkzqm00qBMr8onM6ZZFX49lvsQLZ79adVubqjts=",
        "owner": "0xc000022070",
        "repo": "zen-browser-flake",
        "rev": "7db019a64483743a8d92319baafbbe71b687d0a1",
        "type": "github"
      },
      "original": {
        "owner": "0xc000022070",
        "repo": "zen-browser-flake",
        "type": "github"
      }
    }
  },
  "root": "root",
  "version": 7
}
