{
  "nodes": {
    "home-manager": {
      "inputs": {
        "nixpkgs": [
          "nixpkgs"
        ]
      },
      "locked": {
        "lastModified": 1756991914,
        "narHash": "sha256-4ve/3ah5H/SpL2m3qmZ9GU+VinQYp2MN1G7GamimTds=",
        "owner": "nix-community",
        "repo": "home-manager",
        "rev": "b08f8737776f10920c330657bee8b95834b7a70f",
        "type": "github"
      },
      "original": {
        "owner": "nix-community",
        "repo": "home-manager",
        "type": "github"
      }
    },
    "nix-darwin": {
      "inputs": {
        "nixpkgs": [
          "nixpkgs"
        ]
      },
      "locked": {
        "lastModified": 1755825449,
        "narHash": "sha256-XkiN4NM9Xdy59h69Pc+Vg4PxkSm9EWl6u7k6D5FZ5cM=",
        "owner": "nix-darwin",
        "repo": "nix-darwin",
        "rev": "8df64f819698c1fee0c2969696f54a843b2231e8",
        "type": "github"
      },
      "original": {
        "owner": "nix-darwin",
        "repo": "nix-darwin",
        "type": "github"
      }
    },
    "nixpkgs": {
      "locked": {
        "lastModified": 1756819007,
        "narHash": "sha256-12V64nKG/O/guxSYnr5/nq1EfqwJCdD2+cIGmhz3nrE=",
        "owner": "NixOS",
        "repo": "nixpkgs",
        "rev": "aaff8c16d7fc04991cac6245bee1baa31f72b1e1",
        "type": "github"
      },
      "original": {
        "owner": "NixOS",
        "ref": "nixpkgs-unstable",
        "repo": "nixpkgs",
        "type": "github"
      }
    },
    "root": {
      "inputs": {
        "home-manager": "home-manager",
        "nix-darwin": "nix-darwin",
        "nixpkgs": "nixpkgs",
        "systems": "systems",
        "treefmt-nix": "treefmt-nix",
        "zen-browser": "zen-browser"
      }
    },
    "systems": {
      "locked": {
        "lastModified": 1681028828,
        "narHash": "sha256-Vy1rq5AaRuLzOxct8nz4T6wlgyUR7zLU309k9mBC768=",
        "owner": "nix-systems",
        "repo": "default",
        "rev": "da67096a3b9bf56a91d16901293e51ba5b49a27e",
        "type": "github"
      },
      "original": {
        "owner": "nix-systems",
        "repo": "default",
        "type": "github"
      }
    },
    "treefmt-nix": {
      "inputs": {
        "nixpkgs": [
          "nixpkgs"
        ]
      },
      "locked": {
        "lastModified": 1756662192,
        "narHash": "sha256-F1oFfV51AE259I85av+MAia221XwMHCOtZCMcZLK2Jk=",
        "owner": "numtide",
        "repo": "treefmt-nix",
        "rev": "1aabc6c05ccbcbf4a635fb7a90400e44282f61c4",
        "type": "github"
      },
      "original": {
        "owner": "numtide",
        "repo": "treefmt-nix",
        "type": "github"
      }
    },
    "zen-browser": {
      "inputs": {
        "home-manager": [
          "home-manager"
        ],
        "nixpkgs": [
          "nixpkgs"
        ]
      },
      "locked": {
        "lastModified": 1756941389,
        "narHash": "sha256-r7Km2PY1gxpNmq7dPbs89JiyHiJ5zRCF6cBPyb2WWGY=",
        "owner": "0xc000022070",
        "repo": "zen-browser-flake",
        "rev": "d197dd7556567a7a4174dee543286e5e65198379",
        "type": "github"
      },
      "original": {
        "owner": "0xc000022070",
        "repo": "zen-browser-flake",
        "type": "github"
      }
    }
  },
  "root": "root",
  "version": 7
}
